
Microsoft Visual Studio Solution File, Format Version 12.00
# Visual Studio 2013
VisualStudioVersion = 12.0.21005.1
MinimumVisualStudioVersion = 10.0.40219.1
Project("{8BC9CEB8-8B4A-11D0-8D11-00A0C91BC942}") = "Module_loader", "Module_loader\Module_loader.vcxproj", "{2CA7593A-C67B-4110-954A-3DF4DBB5D7B6}"
EndProject
Global
	GlobalSection(SolutionConfigurationPlatforms) = preSolution
		Debug|Win32 = Debug|Win32
		Release|Win32 = Release|Win32
	EndGlobalSection
	GlobalSection(ProjectConfigurationPlatforms) = postSolution
		{2CA7593A-C67B-4110-954A-3DF4DBB5D7B6}.Debug|Win32.ActiveCfg = Debug|Win32
		{2CA7593A-C67B-4110-954A-3DF4DBB5D7B6}.Debug|Win32.Build.0 = Debug|Win32
		{2CA7593A-C67B-4110-954A-3DF4DBB5D7B6}.Release|Win32.ActiveCfg = Release|Win32
		{2CA7593A-C67B-4110-954A-3DF4DBB5D7B6}.Release|Win32.Build.0 = Release|Win32
	EndGlobalSection
	GlobalSection(SolutionProperties) = preSolution
		HideSolutionNode = FALSE
	EndGlobalSection
EndGlobal
